
Microsoft Visual Studio Solution File, Format Version 12.00
# Visual Studio Version 16
VisualStudioVersion = 16.0.30907.101
MinimumVisualStudioVersion = 10.0.40219.1
Project("{FAE04EC0-301F-11D3-BF4B-00C04F79EFBC}") = "CampIntroVson", "CampIntroVson\CampIntroVson.csproj", "{31109C1A-A3F8-43B3-B9CE-5F8E2491C791}"
EndProject
Project("{FAE04EC0-301F-11D3-BF4B-00C04F79EFBC}") = "ClassIntoVson", "ClassIntoVson\ClassIntoVson.csproj", "{A1DFBCDC-33A0-4884-914C-1074129DE7E4}"
EndProject
Project("{FAE04EC0-301F-11D3-BF4B-00C04F79EFBC}") = "ForDonguleriVson", "ForDonguleriVson\ForDonguleriVson.csproj", "{B4E9F000-5624-49CC-9337-2DD14B2197A2}"
EndProject
Global
	GlobalSection(SolutionConfigurationPlatforms) = preSolution
		Debug|Any CPU = Debug|Any CPU
		Release|Any CPU = Release|Any CPU
	EndGlobalSection
	GlobalSection(ProjectConfigurationPlatforms) = postSolution
		{31109C1A-A3F8-43B3-B9CE-5F8E2491C791}.Debug|Any CPU.ActiveCfg = Debug|Any CPU
		{31109C1A-A3F8-43B3-B9CE-5F8E2491C791}.Debug|Any CPU.Build.0 = Debug|Any CPU
		{31109C1A-A3F8-43B3-B9CE-5F8E2491C791}.Release|Any CPU.ActiveCfg = Release|Any CPU
		{31109C1A-A3F8-43B3-B9CE-5F8E2491C791}.Release|Any CPU.Build.0 = Release|Any CPU
		{A1DFBCDC-33A0-4884-914C-1074129DE7E4}.Debug|Any CPU.ActiveCfg = Debug|Any CPU
		{A1DFBCDC-33A0-4884-914C-1074129DE7E4}.Debug|Any CPU.Build.0 = Debug|Any CPU
		{A1DFBCDC-33A0-4884-914C-1074129DE7E4}.Release|Any CPU.ActiveCfg = Release|Any CPU
		{A1DFBCDC-33A0-4884-914C-1074129DE7E4}.Release|Any CPU.Build.0 = Release|Any CPU
		{B4E9F000-5624-49CC-9337-2DD14B2197A2}.Debug|Any CPU.ActiveCfg = Debug|Any CPU
		{B4E9F000-5624-49CC-9337-2DD14B2197A2}.Debug|Any CPU.Build.0 = Debug|Any CPU
		{B4E9F000-5624-49CC-9337-2DD14B2197A2}.Release|Any CPU.ActiveCfg = Release|Any CPU
		{B4E9F000-5624-49CC-9337-2DD14B2197A2}.Release|Any CPU.Build.0 = Release|Any CPU
	EndGlobalSection
	GlobalSection(SolutionProperties) = preSolution
		HideSolutionNode = FALSE
	EndGlobalSection
	GlobalSection(ExtensibilityGlobals) = postSolution
		SolutionGuid = {3A6A6949-90C7-439F-BB3A-BF864C8E0203}
	EndGlobalSection
EndGlobal
