
Microsoft Visual Studio Solution File, Format Version 12.00
# Visual Studio Version 16
VisualStudioVersion = 16.0.30907.101
MinimumVisualStudioVersion = 10.0.40219.1
Project("{9A19103F-16F7-4668-BE54-9A1E7A4F7556}") = "CampIntro", "CampIntroVson\CampIntro.csproj", "{31109C1A-A3F8-43B3-B9CE-5F8E2491C791}"
EndProject
Project("{9A19103F-16F7-4668-BE54-9A1E7A4F7556}") = "ClassInto", "ClassIntoVson\ClassInto.csproj", "{A1DFBCDC-33A0-4884-914C-1074129DE7E4}"
EndProject
Project("{9A19103F-16F7-4668-BE54-9A1E7A4F7556}") = "ForDonguleri", "ForDonguleriVson\ForDonguleri.csproj", "{B4E9F000-5624-49CC-9337-2DD14B2197A2}"
EndProject
Project("{9A19103F-16F7-4668-BE54-9A1E7A4F7556}") = "UpdatingTheProjectDemo", "UpdatingTheProjectDemo\UpdatingTheProjectDemo.csproj", "{0DB06E49-2489-4EE6-AA37-9C3536C22FC7}"
EndProject
Project("{9A19103F-16F7-4668-BE54-9A1E7A4F7556}") = "Metotlar", "Metotlar\Metotlar.csproj", "{2AEF779A-DBB9-4A8A-B1DF-B4340CE6F735}"
EndProject
Project("{9A19103F-16F7-4668-BE54-9A1E7A4F7556}") = "Matematik", "Matematik\Matematik.csproj", "{15169E8A-CAB9-4271-BBDA-62AD1C905C86}"
EndProject
Project("{9A19103F-16F7-4668-BE54-9A1E7A4F7556}") = "DegerVeReferansTipler", "DegerVeReferansTipler\DegerVeReferansTipler.csproj", "{90919D54-30A4-4F0E-AA12-0BC26CAFBE00}"
EndProject
Project("{FAE04EC0-301F-11D3-BF4B-00C04F79EFBC}") = "OOP1", "OOP1\OOP1.csproj", "{43420F03-0314-49C9-9EE5-B171CD681854}"
EndProject
Project("{FAE04EC0-301F-11D3-BF4B-00C04F79EFBC}") = "Koleksiyonlar", "Koleksiyonlar\Koleksiyonlar.csproj", "{E3DAEB17-47A4-4DE4-A4B2-F536FBEC3947}"
EndProject
Project("{FAE04EC0-301F-11D3-BF4B-00C04F79EFBC}") = "GenericsIntro", "GenericsIntro\GenericsIntro.csproj", "{F69F3964-E02C-43FE-B0A3-83D3511D7C4B}"
EndProject
Global
	GlobalSection(SolutionConfigurationPlatforms) = preSolution
		Debug|Any CPU = Debug|Any CPU
		Release|Any CPU = Release|Any CPU
	EndGlobalSection
	GlobalSection(ProjectConfigurationPlatforms) = postSolution
		{31109C1A-A3F8-43B3-B9CE-5F8E2491C791}.Debug|Any CPU.ActiveCfg = Debug|Any CPU
		{31109C1A-A3F8-43B3-B9CE-5F8E2491C791}.Debug|Any CPU.Build.0 = Debug|Any CPU
		{31109C1A-A3F8-43B3-B9CE-5F8E2491C791}.Release|Any CPU.ActiveCfg = Release|Any CPU
		{31109C1A-A3F8-43B3-B9CE-5F8E2491C791}.Release|Any CPU.Build.0 = Release|Any CPU
		{A1DFBCDC-33A0-4884-914C-1074129DE7E4}.Debug|Any CPU.ActiveCfg = Debug|Any CPU
		{A1DFBCDC-33A0-4884-914C-1074129DE7E4}.Debug|Any CPU.Build.0 = Debug|Any CPU
		{A1DFBCDC-33A0-4884-914C-1074129DE7E4}.Release|Any CPU.ActiveCfg = Release|Any CPU
		{A1DFBCDC-33A0-4884-914C-1074129DE7E4}.Release|Any CPU.Build.0 = Release|Any CPU
		{B4E9F000-5624-49CC-9337-2DD14B2197A2}.Debug|Any CPU.ActiveCfg = Debug|Any CPU
		{B4E9F000-5624-49CC-9337-2DD14B2197A2}.Debug|Any CPU.Build.0 = Debug|Any CPU
		{B4E9F000-5624-49CC-9337-2DD14B2197A2}.Release|Any CPU.ActiveCfg = Release|Any CPU
		{B4E9F000-5624-49CC-9337-2DD14B2197A2}.Release|Any CPU.Build.0 = Release|Any CPU
		{0DB06E49-2489-4EE6-AA37-9C3536C22FC7}.Debug|Any CPU.ActiveCfg = Debug|Any CPU
		{0DB06E49-2489-4EE6-AA37-9C3536C22FC7}.Debug|Any CPU.Build.0 = Debug|Any CPU
		{0DB06E49-2489-4EE6-AA37-9C3536C22FC7}.Release|Any CPU.ActiveCfg = Release|Any CPU
		{0DB06E49-2489-4EE6-AA37-9C3536C22FC7}.Release|Any CPU.Build.0 = Release|Any CPU
		{2AEF779A-DBB9-4A8A-B1DF-B4340CE6F735}.Debug|Any CPU.ActiveCfg = Debug|Any CPU
		{2AEF779A-DBB9-4A8A-B1DF-B4340CE6F735}.Debug|Any CPU.Build.0 = Debug|Any CPU
		{2AEF779A-DBB9-4A8A-B1DF-B4340CE6F735}.Release|Any CPU.ActiveCfg = Release|Any CPU
		{2AEF779A-DBB9-4A8A-B1DF-B4340CE6F735}.Release|Any CPU.Build.0 = Release|Any CPU
		{15169E8A-CAB9-4271-BBDA-62AD1C905C86}.Debug|Any CPU.ActiveCfg = Debug|Any CPU
		{15169E8A-CAB9-4271-BBDA-62AD1C905C86}.Debug|Any CPU.Build.0 = Debug|Any CPU
		{15169E8A-CAB9-4271-BBDA-62AD1C905C86}.Release|Any CPU.ActiveCfg = Release|Any CPU
		{15169E8A-CAB9-4271-BBDA-62AD1C905C86}.Release|Any CPU.Build.0 = Release|Any CPU
		{90919D54-30A4-4F0E-AA12-0BC26CAFBE00}.Debug|Any CPU.ActiveCfg = Debug|Any CPU
		{90919D54-30A4-4F0E-AA12-0BC26CAFBE00}.Debug|Any CPU.Build.0 = Debug|Any CPU
		{90919D54-30A4-4F0E-AA12-0BC26CAFBE00}.Release|Any CPU.ActiveCfg = Release|Any CPU
		{90919D54-30A4-4F0E-AA12-0BC26CAFBE00}.Release|Any CPU.Build.0 = Release|Any CPU
		{43420F03-0314-49C9-9EE5-B171CD681854}.Debug|Any CPU.ActiveCfg = Debug|Any CPU
		{43420F03-0314-49C9-9EE5-B171CD681854}.Debug|Any CPU.Build.0 = Debug|Any CPU
		{43420F03-0314-49C9-9EE5-B171CD681854}.Release|Any CPU.ActiveCfg = Release|Any CPU
		{43420F03-0314-49C9-9EE5-B171CD681854}.Release|Any CPU.Build.0 = Release|Any CPU
		{E3DAEB17-47A4-4DE4-A4B2-F536FBEC3947}.Debug|Any CPU.ActiveCfg = Debug|Any CPU
		{E3DAEB17-47A4-4DE4-A4B2-F536FBEC3947}.Debug|Any CPU.Build.0 = Debug|Any CPU
		{E3DAEB17-47A4-4DE4-A4B2-F536FBEC3947}.Release|Any CPU.ActiveCfg = Release|Any CPU
		{E3DAEB17-47A4-4DE4-A4B2-F536FBEC3947}.Release|Any CPU.Build.0 = Release|Any CPU
		{F69F3964-E02C-43FE-B0A3-83D3511D7C4B}.Debug|Any CPU.ActiveCfg = Debug|Any CPU
		{F69F3964-E02C-43FE-B0A3-83D3511D7C4B}.Debug|Any CPU.Build.0 = Debug|Any CPU
		{F69F3964-E02C-43FE-B0A3-83D3511D7C4B}.Release|Any CPU.ActiveCfg = Release|Any CPU
		{F69F3964-E02C-43FE-B0A3-83D3511D7C4B}.Release|Any CPU.Build.0 = Release|Any CPU
	EndGlobalSection
	GlobalSection(SolutionProperties) = preSolution
		HideSolutionNode = FALSE
	EndGlobalSection
	GlobalSection(ExtensibilityGlobals) = postSolution
		SolutionGuid = {3A6A6949-90C7-439F-BB3A-BF864C8E0203}
	EndGlobalSection
EndGlobal
